// !$*UTF8*$!
{
	archiveVersion = 1;
	classes = {
	};
	objectVersion = 56;
	objects = {

/* Begin PBXBuildFile section */
		7535115B2A41D7E8008B0101 /* CombineMoya in Frameworks */ = {isa = PBXBuildFile; productRef = 7535115A2A41D7E8008B0101 /* CombineMoya */; };
		7535115D2A41D7E8008B0101 /* Moya in Frameworks */ = {isa = PBXBuildFile; productRef = 7535115C2A41D7E8008B0101 /* Moya */; };
		753511612A41DA2E008B0101 /* LoginAPI.swift in Sources */ = {isa = PBXBuildFile; fileRef = 753511602A41DA2E008B0101 /* LoginAPI.swift */; };
		753511A62A430785008B0101 /* LoginAPIProvider.swift in Sources */ = {isa = PBXBuildFile; fileRef = 753511A52A430785008B0101 /* LoginAPIProvider.swift */; };
		753511A82A43427C008B0101 /* LoginDTO.swift in Sources */ = {isa = PBXBuildFile; fileRef = 753511A72A43427C008B0101 /* LoginDTO.swift */; };
		7546BDB02A4C09E20019A986 /* UserProfileAPI.swift in Sources */ = {isa = PBXBuildFile; fileRef = 7546BDAF2A4C09E20019A986 /* UserProfileAPI.swift */; };
		7546BDB32A4C249F0019A986 /* ProfileModifyDTO.swift in Sources */ = {isa = PBXBuildFile; fileRef = 7546BDB22A4C249F0019A986 /* ProfileModifyDTO.swift */; };
		7546BDB52A4C24C40019A986 /* ProfileDetailDTO.swift in Sources */ = {isa = PBXBuildFile; fileRef = 7546BDB42A4C24C40019A986 /* ProfileDetailDTO.swift */; };
		7546BDB72A4C24D40019A986 /* ProfileRegisterDTO.swift in Sources */ = {isa = PBXBuildFile; fileRef = 7546BDB62A4C24D40019A986 /* ProfileRegisterDTO.swift */; };
		7546BDB92A4C281D0019A986 /* UserProfileAPIProvider.swift in Sources */ = {isa = PBXBuildFile; fileRef = 7546BDB82A4C281D0019A986 /* UserProfileAPIProvider.swift */; };
		7546BDDF2A51A52C0019A986 /* UserProfileView.swift in Sources */ = {isa = PBXBuildFile; fileRef = 7546BDDE2A51A52C0019A986 /* UserProfileView.swift */; };
		7546BDE42A52B60D0019A986 /* EditProfile.swift in Sources */ = {isa = PBXBuildFile; fileRef = 7546BDE32A52B60D0019A986 /* EditProfile.swift */; };
		755462462A446A1B00598268 /* SignUpAPI.swift in Sources */ = {isa = PBXBuildFile; fileRef = 755462452A446A1B00598268 /* SignUpAPI.swift */; };
		7554624A2A447ECF00598268 /* SignUpProvider.swift in Sources */ = {isa = PBXBuildFile; fileRef = 755462492A447ECF00598268 /* SignUpProvider.swift */; };
		7554624F2A44987D00598268 /* CertificationNumberDTO.swift in Sources */ = {isa = PBXBuildFile; fileRef = 7554624E2A44987D00598268 /* CertificationNumberDTO.swift */; };
		755462512A4498A300598268 /* ConfirmNumberDTO.swift in Sources */ = {isa = PBXBuildFile; fileRef = 755462502A4498A300598268 /* ConfirmNumberDTO.swift */; };
		755462532A4498DA00598268 /* UserInfoDTO.swift in Sources */ = {isa = PBXBuildFile; fileRef = 755462522A4498DA00598268 /* UserInfoDTO.swift */; };
		7554625C2A44B23600598268 /* LoginToVORepository.swift in Sources */ = {isa = PBXBuildFile; fileRef = 7554625B2A44B23600598268 /* LoginToVORepository.swift */; };
		7554625E2A44B24100598268 /* SignUpToVORepository.swift in Sources */ = {isa = PBXBuildFile; fileRef = 7554625D2A44B24100598268 /* SignUpToVORepository.swift */; };
		755462602A44B3E100598268 /* LoginRepository.swift in Sources */ = {isa = PBXBuildFile; fileRef = 7554625F2A44B3E100598268 /* LoginRepository.swift */; };
		755462622A44B40000598268 /* SignUpRepository.swift in Sources */ = {isa = PBXBuildFile; fileRef = 755462612A44B40000598268 /* SignUpRepository.swift */; };
		75618C712A54065B005FA31A /* CustomText.swift in Sources */ = {isa = PBXBuildFile; fileRef = 75618C702A54065B005FA31A /* CustomText.swift */; };
		75618C762A5424F2005FA31A /* CustomColor.swift in Sources */ = {isa = PBXBuildFile; fileRef = 75618C752A5424F2005FA31A /* CustomColor.swift */; };
		75618C782A543BEA005FA31A /* CustomLazyVGrid.swift in Sources */ = {isa = PBXBuildFile; fileRef = 75618C772A543BEA005FA31A /* CustomLazyVGrid.swift */; };
		759228D32A5E575000603FF4 /* DdungjaTabView.swift in Sources */ = {isa = PBXBuildFile; fileRef = 759228D22A5E575000603FF4 /* DdungjaTabView.swift */; };
		759228D82A5E724100603FF4 /* RegisterView.swift in Sources */ = {isa = PBXBuildFile; fileRef = 759228D72A5E724100603FF4 /* RegisterView.swift */; };
		759228DA2A5E724E00603FF4 /* InterestView.swift in Sources */ = {isa = PBXBuildFile; fileRef = 759228D92A5E724E00603FF4 /* InterestView.swift */; };
		759228DC2A5E725700603FF4 /* HomeView.swift in Sources */ = {isa = PBXBuildFile; fileRef = 759228DB2A5E725700603FF4 /* HomeView.swift */; };
		759228DF2A5E8F3F00603FF4 /* MyPageVIew.swift in Sources */ = {isa = PBXBuildFile; fileRef = 759228DE2A5E8F3F00603FF4 /* MyPageVIew.swift */; };
		759228E12A5FDE6200603FF4 /* MyPageViewModel.swift in Sources */ = {isa = PBXBuildFile; fileRef = 759228E02A5FDE6200603FF4 /* MyPageViewModel.swift */; };
		759228E42A5FF0E600603FF4 /* Coordinator.swift in Sources */ = {isa = PBXBuildFile; fileRef = 759228E32A5FF0E600603FF4 /* Coordinator.swift */; };
		759228E72A5FF29C00603FF4 /* Page.swift in Sources */ = {isa = PBXBuildFile; fileRef = 759228E62A5FF29C00603FF4 /* Page.swift */; };
		759228EA2A60133000603FF4 /* MyPostsView.swift in Sources */ = {isa = PBXBuildFile; fileRef = 759228E92A60133000603FF4 /* MyPostsView.swift */; };
		759228EC2A60137200603FF4 /* MyPostsViewModel.swift in Sources */ = {isa = PBXBuildFile; fileRef = 759228EB2A60137200603FF4 /* MyPostsViewModel.swift */; };
		759A657E2A4037E500E6AD07 /* DdungjaApp.swift in Sources */ = {isa = PBXBuildFile; fileRef = 759A657D2A4037E500E6AD07 /* DdungjaApp.swift */; };
		759A65802A4037E500E6AD07 /* LoginView.swift in Sources */ = {isa = PBXBuildFile; fileRef = 759A657F2A4037E500E6AD07 /* LoginView.swift */; };
		759A65822A4037E700E6AD07 /* Assets.xcassets in Resources */ = {isa = PBXBuildFile; fileRef = 759A65812A4037E700E6AD07 /* Assets.xcassets */; };
		759A65852A4037E700E6AD07 /* Preview Assets.xcassets in Resources */ = {isa = PBXBuildFile; fileRef = 759A65842A4037E700E6AD07 /* Preview Assets.xcassets */; };
		759A658F2A4037E700E6AD07 /* DdungjaTests.swift in Sources */ = {isa = PBXBuildFile; fileRef = 759A658E2A4037E700E6AD07 /* DdungjaTests.swift */; };
		759A65992A4037E700E6AD07 /* DdungjaUITests.swift in Sources */ = {isa = PBXBuildFile; fileRef = 759A65982A4037E700E6AD07 /* DdungjaUITests.swift */; };
		759A659B2A4037E700E6AD07 /* DdungjaUITestsLaunchTests.swift in Sources */ = {isa = PBXBuildFile; fileRef = 759A659A2A4037E700E6AD07 /* DdungjaUITestsLaunchTests.swift */; };
		759A65A92A403BA900E6AD07 /* KakaoSDK in Frameworks */ = {isa = PBXBuildFile; productRef = 759A65A82A403BA900E6AD07 /* KakaoSDK */; };
		759A65AB2A403BA900E6AD07 /* KakaoSDKAuth in Frameworks */ = {isa = PBXBuildFile; productRef = 759A65AA2A403BA900E6AD07 /* KakaoSDKAuth */; };
		759A65AD2A403BA900E6AD07 /* KakaoSDKCommon in Frameworks */ = {isa = PBXBuildFile; productRef = 759A65AC2A403BA900E6AD07 /* KakaoSDKCommon */; };
		759A65AF2A403BA900E6AD07 /* KakaoSDKUser in Frameworks */ = {isa = PBXBuildFile; productRef = 759A65AE2A403BA900E6AD07 /* KakaoSDKUser */; };
		759A65B32A40574E00E6AD07 /* KakakoAuthViewModel.swift in Sources */ = {isa = PBXBuildFile; fileRef = 759A65B22A40574E00E6AD07 /* KakakoAuthViewModel.swift */; };
		759A65BD2A417C6E00E6AD07 /* Color+Extension.swift in Sources */ = {isa = PBXBuildFile; fileRef = 759A65BC2A417C6E00E6AD07 /* Color+Extension.swift */; };
		75FB2FC02A55B4A200E4DDE8 /* ProfileVO.swift in Sources */ = {isa = PBXBuildFile; fileRef = 75FB2FBF2A55B4A200E4DDE8 /* ProfileVO.swift */; };
		75FB2FC22A56444800E4DDE8 /* ProfileRepository.swift in Sources */ = {isa = PBXBuildFile; fileRef = 75FB2FC12A56444800E4DDE8 /* ProfileRepository.swift */; };
		75FB2FC52A56450400E4DDE8 /* ProfileUsecase.swift in Sources */ = {isa = PBXBuildFile; fileRef = 75FB2FC42A56450400E4DDE8 /* ProfileUsecase.swift */; };
		75FB2FC72A564AC200E4DDE8 /* ProfileToVORepository.swift in Sources */ = {isa = PBXBuildFile; fileRef = 75FB2FC62A564AC200E4DDE8 /* ProfileToVORepository.swift */; };
		75FB2FCD2A56B08F00E4DDE8 /* Swinject in Frameworks */ = {isa = PBXBuildFile; productRef = 75FB2FCC2A56B08F00E4DDE8 /* Swinject */; };
		75FB2FD12A56B59F00E4DDE8 /* DependencyInjector.swift in Sources */ = {isa = PBXBuildFile; fileRef = 75FB2FD02A56B59F00E4DDE8 /* DependencyInjector.swift */; };
		75FB2FD32A56B9F700E4DDE8 /* DataAssembly.swift in Sources */ = {isa = PBXBuildFile; fileRef = 75FB2FD22A56B9F700E4DDE8 /* DataAssembly.swift */; };
		75FB2FD52A56BEE500E4DDE8 /* DomainAssembly.swift in Sources */ = {isa = PBXBuildFile; fileRef = 75FB2FD42A56BEE500E4DDE8 /* DomainAssembly.swift */; };
		75FB2FD72A56C07E00E4DDE8 /* PresentationAssembly.swift in Sources */ = {isa = PBXBuildFile; fileRef = 75FB2FD62A56C07E00E4DDE8 /* PresentationAssembly.swift */; };
		75FB2FD92A56C36200E4DDE8 /* ViewResolver.swift in Sources */ = {isa = PBXBuildFile; fileRef = 75FB2FD82A56C36200E4DDE8 /* ViewResolver.swift */; };
		75FB2FDB2A57AC9700E4DDE8 /* ProfileEditVO.swift in Sources */ = {isa = PBXBuildFile; fileRef = 75FB2FDA2A57AC9700E4DDE8 /* ProfileEditVO.swift */; };
		75FB2FE32A59783400E4DDE8 /* UserProfileViewModel.swift in Sources */ = {isa = PBXBuildFile; fileRef = 75FB2FE22A59783400E4DDE8 /* UserProfileViewModel.swift */; };
		75FB2FE52A597B5900E4DDE8 /* ExperienceRow.swift in Sources */ = {isa = PBXBuildFile; fileRef = 75FB2FE42A597B5900E4DDE8 /* ExperienceRow.swift */; };
		75FB2FE82A5A557100E4DDE8 /* ModalView.swift in Sources */ = {isa = PBXBuildFile; fileRef = 75FB2FE72A5A557100E4DDE8 /* ModalView.swift */; };
		75FB2FEA2A5AFD8B00E4DDE8 /* View + Extension.swift in Sources */ = {isa = PBXBuildFile; fileRef = 75FB2FE92A5AFD8B00E4DDE8 /* View + Extension.swift */; };
/* End PBXBuildFile section */

/* Begin PBXContainerItemProxy section */
		759A658B2A4037E700E6AD07 /* PBXContainerItemProxy */ = {
			isa = PBXContainerItemProxy;
			containerPortal = 759A65722A4037E500E6AD07 /* Project object */;
			proxyType = 1;
			remoteGlobalIDString = 759A65792A4037E500E6AD07;
			remoteInfo = Ddungja;
		};
		759A65952A4037E700E6AD07 /* PBXContainerItemProxy */ = {
			isa = PBXContainerItemProxy;
			containerPortal = 759A65722A4037E500E6AD07 /* Project object */;
			proxyType = 1;
			remoteGlobalIDString = 759A65792A4037E500E6AD07;
			remoteInfo = Ddungja;
		};
/* End PBXContainerItemProxy section */

/* Begin PBXFileReference section */
		753511602A41DA2E008B0101 /* LoginAPI.swift */ = {isa = PBXFileReference; lastKnownFileType = sourcecode.swift; path = LoginAPI.swift; sourceTree = "<group>"; };
		753511A52A430785008B0101 /* LoginAPIProvider.swift */ = {isa = PBXFileReference; lastKnownFileType = sourcecode.swift; path = LoginAPIProvider.swift; sourceTree = "<group>"; };
		753511A72A43427C008B0101 /* LoginDTO.swift */ = {isa = PBXFileReference; lastKnownFileType = sourcecode.swift; path = LoginDTO.swift; sourceTree = "<group>"; };
		7546BDAF2A4C09E20019A986 /* UserProfileAPI.swift */ = {isa = PBXFileReference; lastKnownFileType = sourcecode.swift; path = UserProfileAPI.swift; sourceTree = "<group>"; };
		7546BDB22A4C249F0019A986 /* ProfileModifyDTO.swift */ = {isa = PBXFileReference; lastKnownFileType = sourcecode.swift; path = ProfileModifyDTO.swift; sourceTree = "<group>"; };
		7546BDB42A4C24C40019A986 /* ProfileDetailDTO.swift */ = {isa = PBXFileReference; lastKnownFileType = sourcecode.swift; path = ProfileDetailDTO.swift; sourceTree = "<group>"; };
		7546BDB62A4C24D40019A986 /* ProfileRegisterDTO.swift */ = {isa = PBXFileReference; lastKnownFileType = sourcecode.swift; path = ProfileRegisterDTO.swift; sourceTree = "<group>"; };
		7546BDB82A4C281D0019A986 /* UserProfileAPIProvider.swift */ = {isa = PBXFileReference; lastKnownFileType = sourcecode.swift; path = UserProfileAPIProvider.swift; sourceTree = "<group>"; };
		7546BDDE2A51A52C0019A986 /* UserProfileView.swift */ = {isa = PBXFileReference; lastKnownFileType = sourcecode.swift; path = UserProfileView.swift; sourceTree = "<group>"; };
		7546BDE32A52B60D0019A986 /* EditProfile.swift */ = {isa = PBXFileReference; lastKnownFileType = sourcecode.swift; path = EditProfile.swift; sourceTree = "<group>"; };
		755462452A446A1B00598268 /* SignUpAPI.swift */ = {isa = PBXFileReference; lastKnownFileType = sourcecode.swift; path = SignUpAPI.swift; sourceTree = "<group>"; };
		755462492A447ECF00598268 /* SignUpProvider.swift */ = {isa = PBXFileReference; lastKnownFileType = sourcecode.swift; path = SignUpProvider.swift; sourceTree = "<group>"; };
		7554624E2A44987D00598268 /* CertificationNumberDTO.swift */ = {isa = PBXFileReference; lastKnownFileType = sourcecode.swift; path = CertificationNumberDTO.swift; sourceTree = "<group>"; };
		755462502A4498A300598268 /* ConfirmNumberDTO.swift */ = {isa = PBXFileReference; lastKnownFileType = sourcecode.swift; path = ConfirmNumberDTO.swift; sourceTree = "<group>"; };
		755462522A4498DA00598268 /* UserInfoDTO.swift */ = {isa = PBXFileReference; lastKnownFileType = sourcecode.swift; path = UserInfoDTO.swift; sourceTree = "<group>"; };
		7554625B2A44B23600598268 /* LoginToVORepository.swift */ = {isa = PBXFileReference; lastKnownFileType = sourcecode.swift; path = LoginToVORepository.swift; sourceTree = "<group>"; };
		7554625D2A44B24100598268 /* SignUpToVORepository.swift */ = {isa = PBXFileReference; lastKnownFileType = sourcecode.swift; path = SignUpToVORepository.swift; sourceTree = "<group>"; };
		7554625F2A44B3E100598268 /* LoginRepository.swift */ = {isa = PBXFileReference; lastKnownFileType = sourcecode.swift; path = LoginRepository.swift; sourceTree = "<group>"; };
		755462612A44B40000598268 /* SignUpRepository.swift */ = {isa = PBXFileReference; lastKnownFileType = sourcecode.swift; path = SignUpRepository.swift; sourceTree = "<group>"; };
		75618C702A54065B005FA31A /* CustomText.swift */ = {isa = PBXFileReference; lastKnownFileType = sourcecode.swift; path = CustomText.swift; sourceTree = "<group>"; };
		75618C752A5424F2005FA31A /* CustomColor.swift */ = {isa = PBXFileReference; lastKnownFileType = sourcecode.swift; path = CustomColor.swift; sourceTree = "<group>"; };
		75618C772A543BEA005FA31A /* CustomLazyVGrid.swift */ = {isa = PBXFileReference; lastKnownFileType = sourcecode.swift; path = CustomLazyVGrid.swift; sourceTree = "<group>"; };
		759228D22A5E575000603FF4 /* DdungjaTabView.swift */ = {isa = PBXFileReference; lastKnownFileType = sourcecode.swift; path = DdungjaTabView.swift; sourceTree = "<group>"; };
		759228D72A5E724100603FF4 /* RegisterView.swift */ = {isa = PBXFileReference; lastKnownFileType = sourcecode.swift; path = RegisterView.swift; sourceTree = "<group>"; };
		759228D92A5E724E00603FF4 /* InterestView.swift */ = {isa = PBXFileReference; lastKnownFileType = sourcecode.swift; path = InterestView.swift; sourceTree = "<group>"; };
		759228DB2A5E725700603FF4 /* HomeView.swift */ = {isa = PBXFileReference; lastKnownFileType = sourcecode.swift; path = HomeView.swift; sourceTree = "<group>"; };
		759228DE2A5E8F3F00603FF4 /* MyPageVIew.swift */ = {isa = PBXFileReference; lastKnownFileType = sourcecode.swift; path = MyPageVIew.swift; sourceTree = "<group>"; };
		759228E02A5FDE6200603FF4 /* MyPageViewModel.swift */ = {isa = PBXFileReference; lastKnownFileType = sourcecode.swift; path = MyPageViewModel.swift; sourceTree = "<group>"; };
		759228E32A5FF0E600603FF4 /* Coordinator.swift */ = {isa = PBXFileReference; lastKnownFileType = sourcecode.swift; path = Coordinator.swift; sourceTree = "<group>"; };
		759228E62A5FF29C00603FF4 /* Page.swift */ = {isa = PBXFileReference; lastKnownFileType = sourcecode.swift; path = Page.swift; sourceTree = "<group>"; };
		759228E92A60133000603FF4 /* MyPostsView.swift */ = {isa = PBXFileReference; lastKnownFileType = sourcecode.swift; path = MyPostsView.swift; sourceTree = "<group>"; };
		759228EB2A60137200603FF4 /* MyPostsViewModel.swift */ = {isa = PBXFileReference; lastKnownFileType = sourcecode.swift; path = MyPostsViewModel.swift; sourceTree = "<group>"; };
		759A657A2A4037E500E6AD07 /* Ddungja.app */ = {isa = PBXFileReference; explicitFileType = wrapper.application; includeInIndex = 0; path = Ddungja.app; sourceTree = BUILT_PRODUCTS_DIR; };
		759A657D2A4037E500E6AD07 /* DdungjaApp.swift */ = {isa = PBXFileReference; lastKnownFileType = sourcecode.swift; path = DdungjaApp.swift; sourceTree = "<group>"; };
		759A657F2A4037E500E6AD07 /* LoginView.swift */ = {isa = PBXFileReference; lastKnownFileType = sourcecode.swift; path = LoginView.swift; sourceTree = "<group>"; };
		759A65812A4037E700E6AD07 /* Assets.xcassets */ = {isa = PBXFileReference; lastKnownFileType = folder.assetcatalog; path = Assets.xcassets; sourceTree = "<group>"; };
		759A65842A4037E700E6AD07 /* Preview Assets.xcassets */ = {isa = PBXFileReference; lastKnownFileType = folder.assetcatalog; path = "Preview Assets.xcassets"; sourceTree = "<group>"; };
		759A658A2A4037E700E6AD07 /* DdungjaTests.xctest */ = {isa = PBXFileReference; explicitFileType = wrapper.cfbundle; includeInIndex = 0; path = DdungjaTests.xctest; sourceTree = BUILT_PRODUCTS_DIR; };
		759A658E2A4037E700E6AD07 /* DdungjaTests.swift */ = {isa = PBXFileReference; lastKnownFileType = sourcecode.swift; path = DdungjaTests.swift; sourceTree = "<group>"; };
		759A65942A4037E700E6AD07 /* DdungjaUITests.xctest */ = {isa = PBXFileReference; explicitFileType = wrapper.cfbundle; includeInIndex = 0; path = DdungjaUITests.xctest; sourceTree = BUILT_PRODUCTS_DIR; };
		759A65982A4037E700E6AD07 /* DdungjaUITests.swift */ = {isa = PBXFileReference; lastKnownFileType = sourcecode.swift; path = DdungjaUITests.swift; sourceTree = "<group>"; };
		759A659A2A4037E700E6AD07 /* DdungjaUITestsLaunchTests.swift */ = {isa = PBXFileReference; lastKnownFileType = sourcecode.swift; path = DdungjaUITestsLaunchTests.swift; sourceTree = "<group>"; };
		759A65B02A403E3800E6AD07 /* Info.plist */ = {isa = PBXFileReference; lastKnownFileType = text.plist; path = Info.plist; sourceTree = "<group>"; };
		759A65B22A40574E00E6AD07 /* KakakoAuthViewModel.swift */ = {isa = PBXFileReference; lastKnownFileType = sourcecode.swift; path = KakakoAuthViewModel.swift; sourceTree = "<group>"; };
		759A65BC2A417C6E00E6AD07 /* Color+Extension.swift */ = {isa = PBXFileReference; lastKnownFileType = sourcecode.swift; path = "Color+Extension.swift"; sourceTree = "<group>"; };
		75FB2FBD2A55B46600E4DDE8 /* Config.xcconfig */ = {isa = PBXFileReference; lastKnownFileType = text.xcconfig; path = Config.xcconfig; sourceTree = "<group>"; };
		75FB2FBF2A55B4A200E4DDE8 /* ProfileVO.swift */ = {isa = PBXFileReference; lastKnownFileType = sourcecode.swift; path = ProfileVO.swift; sourceTree = "<group>"; };
		75FB2FC12A56444800E4DDE8 /* ProfileRepository.swift */ = {isa = PBXFileReference; lastKnownFileType = sourcecode.swift; path = ProfileRepository.swift; sourceTree = "<group>"; };
		75FB2FC42A56450400E4DDE8 /* ProfileUsecase.swift */ = {isa = PBXFileReference; lastKnownFileType = sourcecode.swift; path = ProfileUsecase.swift; sourceTree = "<group>"; };
		75FB2FC62A564AC200E4DDE8 /* ProfileToVORepository.swift */ = {isa = PBXFileReference; lastKnownFileType = sourcecode.swift; path = ProfileToVORepository.swift; sourceTree = "<group>"; };
		75FB2FD02A56B59F00E4DDE8 /* DependencyInjector.swift */ = {isa = PBXFileReference; lastKnownFileType = sourcecode.swift; path = DependencyInjector.swift; sourceTree = "<group>"; };
		75FB2FD22A56B9F700E4DDE8 /* DataAssembly.swift */ = {isa = PBXFileReference; lastKnownFileType = sourcecode.swift; path = DataAssembly.swift; sourceTree = "<group>"; };
		75FB2FD42A56BEE500E4DDE8 /* DomainAssembly.swift */ = {isa = PBXFileReference; lastKnownFileType = sourcecode.swift; path = DomainAssembly.swift; sourceTree = "<group>"; };
		75FB2FD62A56C07E00E4DDE8 /* PresentationAssembly.swift */ = {isa = PBXFileReference; lastKnownFileType = sourcecode.swift; path = PresentationAssembly.swift; sourceTree = "<group>"; };
		75FB2FD82A56C36200E4DDE8 /* ViewResolver.swift */ = {isa = PBXFileReference; lastKnownFileType = sourcecode.swift; path = ViewResolver.swift; sourceTree = "<group>"; };
		75FB2FDA2A57AC9700E4DDE8 /* ProfileEditVO.swift */ = {isa = PBXFileReference; lastKnownFileType = sourcecode.swift; path = ProfileEditVO.swift; sourceTree = "<group>"; };
		75FB2FE22A59783400E4DDE8 /* UserProfileViewModel.swift */ = {isa = PBXFileReference; lastKnownFileType = sourcecode.swift; path = UserProfileViewModel.swift; sourceTree = "<group>"; };
		75FB2FE42A597B5900E4DDE8 /* ExperienceRow.swift */ = {isa = PBXFileReference; lastKnownFileType = sourcecode.swift; path = ExperienceRow.swift; sourceTree = "<group>"; };
		75FB2FE72A5A557100E4DDE8 /* ModalView.swift */ = {isa = PBXFileReference; lastKnownFileType = sourcecode.swift; path = ModalView.swift; sourceTree = "<group>"; };
		75FB2FE92A5AFD8B00E4DDE8 /* View + Extension.swift */ = {isa = PBXFileReference; lastKnownFileType = sourcecode.swift; path = "View + Extension.swift"; sourceTree = "<group>"; };
/* End PBXFileReference section */

/* Begin PBXFrameworksBuildPhase section */
		759A65772A4037E500E6AD07 /* Frameworks */ = {
			isa = PBXFrameworksBuildPhase;
			buildActionMask = 2147483647;
			files = (
				759A65AF2A403BA900E6AD07 /* KakaoSDKUser in Frameworks */,
				759A65A92A403BA900E6AD07 /* KakaoSDK in Frameworks */,
				75FB2FCD2A56B08F00E4DDE8 /* Swinject in Frameworks */,
				7535115D2A41D7E8008B0101 /* Moya in Frameworks */,
				759A65AD2A403BA900E6AD07 /* KakaoSDKCommon in Frameworks */,
				7535115B2A41D7E8008B0101 /* CombineMoya in Frameworks */,
				759A65AB2A403BA900E6AD07 /* KakaoSDKAuth in Frameworks */,
			);
			runOnlyForDeploymentPostprocessing = 0;
		};
		759A65872A4037E700E6AD07 /* Frameworks */ = {
			isa = PBXFrameworksBuildPhase;
			buildActionMask = 2147483647;
			files = (
			);
			runOnlyForDeploymentPostprocessing = 0;
		};
		759A65912A4037E700E6AD07 /* Frameworks */ = {
			isa = PBXFrameworksBuildPhase;
			buildActionMask = 2147483647;
			files = (
			);
			runOnlyForDeploymentPostprocessing = 0;
		};
/* End PBXFrameworksBuildPhase section */

/* Begin PBXGroup section */
		7535115E2A41D9B6008B0101 /* Data */ = {
			isa = PBXGroup;
			children = (
				7554625A2A44B21F00598268 /* Repository */,
				755462572A44B11900598268 /* APIs */,
				755462552A44B0C900598268 /* DTO+Mapping */,
				755462542A44AEF500598268 /* DataStore */,
			);
			path = Data;
			sourceTree = "<group>";
		};
		7546BDB12A4C24870019A986 /* UserProfileDTO */ = {
			isa = PBXGroup;
			children = (
				7546BDB22A4C249F0019A986 /* ProfileModifyDTO.swift */,
				7546BDB42A4C24C40019A986 /* ProfileDetailDTO.swift */,
				7546BDB62A4C24D40019A986 /* ProfileRegisterDTO.swift */,
			);
			path = UserProfileDTO;
			sourceTree = "<group>";
		};
		7546BDDA2A51A42F0019A986 /* Presentations */ = {
			isa = PBXGroup;
			children = (
				759228E82A60131F00603FF4 /* MyPosts */,
				759228E52A5FF28700603FF4 /* Coordinator */,
				759228DD2A5E8F1900603FF4 /* MyPage */,
				759228D62A5E723100603FF4 /* Register */,
				759228D52A5E721700603FF4 /* Interest */,
				759228D42A5E720E00603FF4 /* Home */,
				759228D12A5E573800603FF4 /* TabBar */,
				7546BDDB2A51A4400019A986 /* UserProfiles */,
			);
			path = Presentations;
			sourceTree = "<group>";
		};
		7546BDDB2A51A4400019A986 /* UserProfiles */ = {
			isa = PBXGroup;
			children = (
				75FB2FC82A565E2E00E4DDE8 /* ViewModels */,
				7546BDDC2A51A4590019A986 /* Views */,
			);
			path = UserProfiles;
			sourceTree = "<group>";
		};
		7546BDDC2A51A4590019A986 /* Views */ = {
			isa = PBXGroup;
			children = (
				7546BDDE2A51A52C0019A986 /* UserProfileView.swift */,
				7546BDE32A52B60D0019A986 /* EditProfile.swift */,
				75FB2FE42A597B5900E4DDE8 /* ExperienceRow.swift */,
				75FB2FE72A5A557100E4DDE8 /* ModalView.swift */,
			);
			path = Views;
			sourceTree = "<group>";
		};
		7554624D2A44984700598268 /* SignUpDTO */ = {
			isa = PBXGroup;
			children = (
				7554624E2A44987D00598268 /* CertificationNumberDTO.swift */,
				755462502A4498A300598268 /* ConfirmNumberDTO.swift */,
				755462522A4498DA00598268 /* UserInfoDTO.swift */,
			);
			path = SignUpDTO;
			sourceTree = "<group>";
		};
		755462542A44AEF500598268 /* DataStore */ = {
			isa = PBXGroup;
			children = (
				753511A52A430785008B0101 /* LoginAPIProvider.swift */,
				755462492A447ECF00598268 /* SignUpProvider.swift */,
				7546BDB82A4C281D0019A986 /* UserProfileAPIProvider.swift */,
			);
			path = DataStore;
			sourceTree = "<group>";
		};
		755462552A44B0C900598268 /* DTO+Mapping */ = {
			isa = PBXGroup;
			children = (
				7546BDB12A4C24870019A986 /* UserProfileDTO */,
				753511A72A43427C008B0101 /* LoginDTO.swift */,
				7554624D2A44984700598268 /* SignUpDTO */,
			);
			path = "DTO+Mapping";
			sourceTree = "<group>";
		};
		755462572A44B11900598268 /* APIs */ = {
			isa = PBXGroup;
			children = (
				753511602A41DA2E008B0101 /* LoginAPI.swift */,
				755462452A446A1B00598268 /* SignUpAPI.swift */,
				7546BDAF2A4C09E20019A986 /* UserProfileAPI.swift */,
			);
			path = APIs;
			sourceTree = "<group>";
		};
		755462582A44B20300598268 /* Domain */ = {
			isa = PBXGroup;
			children = (
				75FB2FC32A5644E700E4DDE8 /* Usecase */,
				75FB2FBE2A55B49100E4DDE8 /* VO */,
				755462592A44B20E00598268 /* RepositoryProtocol */,
			);
			path = Domain;
			sourceTree = "<group>";
		};
		755462592A44B20E00598268 /* RepositoryProtocol */ = {
			isa = PBXGroup;
			children = (
				7554625F2A44B3E100598268 /* LoginRepository.swift */,
				755462612A44B40000598268 /* SignUpRepository.swift */,
				75FB2FC12A56444800E4DDE8 /* ProfileRepository.swift */,
			);
			path = RepositoryProtocol;
			sourceTree = "<group>";
		};
		7554625A2A44B21F00598268 /* Repository */ = {
			isa = PBXGroup;
			children = (
				7554625B2A44B23600598268 /* LoginToVORepository.swift */,
				7554625D2A44B24100598268 /* SignUpToVORepository.swift */,
				75FB2FC62A564AC200E4DDE8 /* ProfileToVORepository.swift */,
			);
			path = Repository;
			sourceTree = "<group>";
		};
		75618C6F2A54063C005FA31A /* CommonUI */ = {
			isa = PBXGroup;
			children = (
				75618C702A54065B005FA31A /* CustomText.swift */,
				75618C752A5424F2005FA31A /* CustomColor.swift */,
				75618C772A543BEA005FA31A /* CustomLazyVGrid.swift */,
				75FB2FE92A5AFD8B00E4DDE8 /* View + Extension.swift */,
			);
			path = CommonUI;
			sourceTree = "<group>";
		};
		759228D12A5E573800603FF4 /* TabBar */ = {
			isa = PBXGroup;
			children = (
				759228D22A5E575000603FF4 /* DdungjaTabView.swift */,
			);
			path = TabBar;
			sourceTree = "<group>";
		};
		759228D42A5E720E00603FF4 /* Home */ = {
			isa = PBXGroup;
			children = (
				759228DB2A5E725700603FF4 /* HomeView.swift */,
			);
			path = Home;
			sourceTree = "<group>";
		};
		759228D52A5E721700603FF4 /* Interest */ = {
			isa = PBXGroup;
			children = (
				759228D92A5E724E00603FF4 /* InterestView.swift */,
			);
			path = Interest;
			sourceTree = "<group>";
		};
		759228D62A5E723100603FF4 /* Register */ = {
			isa = PBXGroup;
			children = (
				759228D72A5E724100603FF4 /* RegisterView.swift */,
			);
			path = Register;
			sourceTree = "<group>";
		};
		759228DD2A5E8F1900603FF4 /* MyPage */ = {
			isa = PBXGroup;
			children = (
				759228DE2A5E8F3F00603FF4 /* MyPageVIew.swift */,
				759228E02A5FDE6200603FF4 /* MyPageViewModel.swift */,
			);
			path = MyPage;
			sourceTree = "<group>";
		};
		759228E22A5FF0D300603FF4 /* Coordinator */ = {
			isa = PBXGroup;
			children = (
				759228E32A5FF0E600603FF4 /* Coordinator.swift */,
			);
			path = Coordinator;
			sourceTree = "<group>";
		};
		759228E52A5FF28700603FF4 /* Coordinator */ = {
			isa = PBXGroup;
			children = (
				759228E62A5FF29C00603FF4 /* Page.swift */,
			);
			path = Coordinator;
			sourceTree = "<group>";
		};
		759228E82A60131F00603FF4 /* MyPosts */ = {
			isa = PBXGroup;
			children = (
				759228E92A60133000603FF4 /* MyPostsView.swift */,
				759228EB2A60137200603FF4 /* MyPostsViewModel.swift */,
			);
			path = MyPosts;
			sourceTree = "<group>";
		};
		759A65712A4037E500E6AD07 = {
			isa = PBXGroup;
			children = (
				759A657C2A4037E500E6AD07 /* Ddungja */,
				759A658D2A4037E700E6AD07 /* DdungjaTests */,
				759A65972A4037E700E6AD07 /* DdungjaUITests */,
				759A657B2A4037E500E6AD07 /* Products */,
			);
			sourceTree = "<group>";
		};
		759A657B2A4037E500E6AD07 /* Products */ = {
			isa = PBXGroup;
			children = (
				759A657A2A4037E500E6AD07 /* Ddungja.app */,
				759A658A2A4037E700E6AD07 /* DdungjaTests.xctest */,
				759A65942A4037E700E6AD07 /* DdungjaUITests.xctest */,
			);
			name = Products;
			sourceTree = "<group>";
		};
		759A657C2A4037E500E6AD07 /* Ddungja */ = {
			isa = PBXGroup;
			children = (
				75FB2FCE2A56B4BB00E4DDE8 /* App */,
				75618C6F2A54063C005FA31A /* CommonUI */,
				755462582A44B20300598268 /* Domain */,
				7535115E2A41D9B6008B0101 /* Data */,
				759A65B92A417C4900E6AD07 /* Extension */,
				7546BDDA2A51A42F0019A986 /* Presentations */,
				759A657F2A4037E500E6AD07 /* LoginView.swift */,
				759A65B22A40574E00E6AD07 /* KakakoAuthViewModel.swift */,
				759A65812A4037E700E6AD07 /* Assets.xcassets */,
				759A65B02A403E3800E6AD07 /* Info.plist */,
				759A65832A4037E700E6AD07 /* Preview Content */,
				75FB2FBD2A55B46600E4DDE8 /* Config.xcconfig */,
			);
			path = Ddungja;
			sourceTree = "<group>";
		};
		759A65832A4037E700E6AD07 /* Preview Content */ = {
			isa = PBXGroup;
			children = (
				759A65842A4037E700E6AD07 /* Preview Assets.xcassets */,
			);
			path = "Preview Content";
			sourceTree = "<group>";
		};
		759A658D2A4037E700E6AD07 /* DdungjaTests */ = {
			isa = PBXGroup;
			children = (
				759A658E2A4037E700E6AD07 /* DdungjaTests.swift */,
			);
			path = DdungjaTests;
			sourceTree = "<group>";
		};
		759A65972A4037E700E6AD07 /* DdungjaUITests */ = {
			isa = PBXGroup;
			children = (
				759A65982A4037E700E6AD07 /* DdungjaUITests.swift */,
				759A659A2A4037E700E6AD07 /* DdungjaUITestsLaunchTests.swift */,
			);
			path = DdungjaUITests;
			sourceTree = "<group>";
		};
		759A65B92A417C4900E6AD07 /* Extension */ = {
			isa = PBXGroup;
			children = (
				759A65BC2A417C6E00E6AD07 /* Color+Extension.swift */,
			);
			path = Extension;
			sourceTree = "<group>";
		};
		75FB2FBE2A55B49100E4DDE8 /* VO */ = {
			isa = PBXGroup;
			children = (
				75FB2FBF2A55B4A200E4DDE8 /* ProfileVO.swift */,
				75FB2FDA2A57AC9700E4DDE8 /* ProfileEditVO.swift */,
			);
			path = VO;
			sourceTree = "<group>";
		};
		75FB2FC32A5644E700E4DDE8 /* Usecase */ = {
			isa = PBXGroup;
			children = (
				75FB2FC42A56450400E4DDE8 /* ProfileUsecase.swift */,
			);
			path = Usecase;
			sourceTree = "<group>";
		};
		75FB2FC82A565E2E00E4DDE8 /* ViewModels */ = {
			isa = PBXGroup;
			children = (
				75FB2FE22A59783400E4DDE8 /* UserProfileViewModel.swift */,
			);
			path = ViewModels;
			sourceTree = "<group>";
		};
		75FB2FCE2A56B4BB00E4DDE8 /* App */ = {
			isa = PBXGroup;
			children = (
				759228E22A5FF0D300603FF4 /* Coordinator */,
				75FB2FCF2A56B57100E4DDE8 /* DI */,
				759A657D2A4037E500E6AD07 /* DdungjaApp.swift */,
			);
			path = App;
			sourceTree = "<group>";
		};
		75FB2FCF2A56B57100E4DDE8 /* DI */ = {
			isa = PBXGroup;
			children = (
				75FB2FD02A56B59F00E4DDE8 /* DependencyInjector.swift */,
				75FB2FD22A56B9F700E4DDE8 /* DataAssembly.swift */,
				75FB2FD42A56BEE500E4DDE8 /* DomainAssembly.swift */,
				75FB2FD62A56C07E00E4DDE8 /* PresentationAssembly.swift */,
				75FB2FD82A56C36200E4DDE8 /* ViewResolver.swift */,
			);
			path = DI;
			sourceTree = "<group>";
		};
/* End PBXGroup section */

/* Begin PBXNativeTarget section */
		759A65792A4037E500E6AD07 /* Ddungja */ = {
			isa = PBXNativeTarget;
			buildConfigurationList = 759A659E2A4037E700E6AD07 /* Build configuration list for PBXNativeTarget "Ddungja" */;
			buildPhases = (
				759A65762A4037E500E6AD07 /* Sources */,
				759A65772A4037E500E6AD07 /* Frameworks */,
				759A65782A4037E500E6AD07 /* Resources */,
			);
			buildRules = (
			);
			dependencies = (
			);
			name = Ddungja;
			packageProductDependencies = (
				759A65A82A403BA900E6AD07 /* KakaoSDK */,
				759A65AA2A403BA900E6AD07 /* KakaoSDKAuth */,
				759A65AC2A403BA900E6AD07 /* KakaoSDKCommon */,
				759A65AE2A403BA900E6AD07 /* KakaoSDKUser */,
				7535115A2A41D7E8008B0101 /* CombineMoya */,
				7535115C2A41D7E8008B0101 /* Moya */,
				75FB2FCC2A56B08F00E4DDE8 /* Swinject */,
			);
			productName = Ddungja;
			productReference = 759A657A2A4037E500E6AD07 /* Ddungja.app */;
			productType = "com.apple.product-type.application";
		};
		759A65892A4037E700E6AD07 /* DdungjaTests */ = {
			isa = PBXNativeTarget;
			buildConfigurationList = 759A65A12A4037E700E6AD07 /* Build configuration list for PBXNativeTarget "DdungjaTests" */;
			buildPhases = (
				759A65862A4037E700E6AD07 /* Sources */,
				759A65872A4037E700E6AD07 /* Frameworks */,
				759A65882A4037E700E6AD07 /* Resources */,
			);
			buildRules = (
			);
			dependencies = (
				759A658C2A4037E700E6AD07 /* PBXTargetDependency */,
			);
			name = DdungjaTests;
			productName = DdungjaTests;
			productReference = 759A658A2A4037E700E6AD07 /* DdungjaTests.xctest */;
			productType = "com.apple.product-type.bundle.unit-test";
		};
		759A65932A4037E700E6AD07 /* DdungjaUITests */ = {
			isa = PBXNativeTarget;
			buildConfigurationList = 759A65A42A4037E700E6AD07 /* Build configuration list for PBXNativeTarget "DdungjaUITests" */;
			buildPhases = (
				759A65902A4037E700E6AD07 /* Sources */,
				759A65912A4037E700E6AD07 /* Frameworks */,
				759A65922A4037E700E6AD07 /* Resources */,
			);
			buildRules = (
			);
			dependencies = (
				759A65962A4037E700E6AD07 /* PBXTargetDependency */,
			);
			name = DdungjaUITests;
			productName = DdungjaUITests;
			productReference = 759A65942A4037E700E6AD07 /* DdungjaUITests.xctest */;
			productType = "com.apple.product-type.bundle.ui-testing";
		};
/* End PBXNativeTarget section */

/* Begin PBXProject section */
		759A65722A4037E500E6AD07 /* Project object */ = {
			isa = PBXProject;
			attributes = {
				BuildIndependentTargetsInParallel = 1;
				LastSwiftUpdateCheck = 1430;
				LastUpgradeCheck = 1430;
				TargetAttributes = {
					759A65792A4037E500E6AD07 = {
						CreatedOnToolsVersion = 14.3;
					};
					759A65892A4037E700E6AD07 = {
						CreatedOnToolsVersion = 14.3;
						TestTargetID = 759A65792A4037E500E6AD07;
					};
					759A65932A4037E700E6AD07 = {
						CreatedOnToolsVersion = 14.3;
						TestTargetID = 759A65792A4037E500E6AD07;
					};
				};
			};
			buildConfigurationList = 759A65752A4037E500E6AD07 /* Build configuration list for PBXProject "Ddungja" */;
			compatibilityVersion = "Xcode 14.0";
			developmentRegion = en;
			hasScannedForEncodings = 0;
			knownRegions = (
				en,
				Base,
			);
			mainGroup = 759A65712A4037E500E6AD07;
			packageReferences = (
				759A65A72A403BA900E6AD07 /* XCRemoteSwiftPackageReference "kakao-ios-sdk" */,
				753511592A41D7E8008B0101 /* XCRemoteSwiftPackageReference "Moya" */,
				75FB2FCB2A56B08F00E4DDE8 /* XCRemoteSwiftPackageReference "Swinject" */,
			);
			productRefGroup = 759A657B2A4037E500E6AD07 /* Products */;
			projectDirPath = "";
			projectRoot = "";
			targets = (
				759A65792A4037E500E6AD07 /* Ddungja */,
				759A65892A4037E700E6AD07 /* DdungjaTests */,
				759A65932A4037E700E6AD07 /* DdungjaUITests */,
			);
		};
/* End PBXProject section */

/* Begin PBXResourcesBuildPhase section */
		759A65782A4037E500E6AD07 /* Resources */ = {
			isa = PBXResourcesBuildPhase;
			buildActionMask = 2147483647;
			files = (
				759A65852A4037E700E6AD07 /* Preview Assets.xcassets in Resources */,
				759A65822A4037E700E6AD07 /* Assets.xcassets in Resources */,
			);
			runOnlyForDeploymentPostprocessing = 0;
		};
		759A65882A4037E700E6AD07 /* Resources */ = {
			isa = PBXResourcesBuildPhase;
			buildActionMask = 2147483647;
			files = (
			);
			runOnlyForDeploymentPostprocessing = 0;
		};
		759A65922A4037E700E6AD07 /* Resources */ = {
			isa = PBXResourcesBuildPhase;
			buildActionMask = 2147483647;
			files = (
			);
			runOnlyForDeploymentPostprocessing = 0;
		};
/* End PBXResourcesBuildPhase section */

/* Begin PBXSourcesBuildPhase section */
		759A65762A4037E500E6AD07 /* Sources */ = {
			isa = PBXSourcesBuildPhase;
			buildActionMask = 2147483647;
			files = (
				759A65802A4037E500E6AD07 /* LoginView.swift in Sources */,
				759228EA2A60133000603FF4 /* MyPostsView.swift in Sources */,
				7554625C2A44B23600598268 /* LoginToVORepository.swift in Sources */,
				759228E72A5FF29C00603FF4 /* Page.swift in Sources */,
				759228E42A5FF0E600603FF4 /* Coordinator.swift in Sources */,
				75618C782A543BEA005FA31A /* CustomLazyVGrid.swift in Sources */,
				75FB2FD72A56C07E00E4DDE8 /* PresentationAssembly.swift in Sources */,
				7546BDB32A4C249F0019A986 /* ProfileModifyDTO.swift in Sources */,
				75618C762A5424F2005FA31A /* CustomColor.swift in Sources */,
				7546BDB52A4C24C40019A986 /* ProfileDetailDTO.swift in Sources */,
				75FB2FC02A55B4A200E4DDE8 /* ProfileVO.swift in Sources */,
				759A65B32A40574E00E6AD07 /* KakakoAuthViewModel.swift in Sources */,
				7546BDB92A4C281D0019A986 /* UserProfileAPIProvider.swift in Sources */,
				75FB2FD92A56C36200E4DDE8 /* ViewResolver.swift in Sources */,
				7554625E2A44B24100598268 /* SignUpToVORepository.swift in Sources */,
				75FB2FE52A597B5900E4DDE8 /* ExperienceRow.swift in Sources */,
				7546BDDF2A51A52C0019A986 /* UserProfileView.swift in Sources */,
				75FB2FE32A59783400E4DDE8 /* UserProfileViewModel.swift in Sources */,
				755462462A446A1B00598268 /* SignUpAPI.swift in Sources */,
				755462602A44B3E100598268 /* LoginRepository.swift in Sources */,
				75FB2FD52A56BEE500E4DDE8 /* DomainAssembly.swift in Sources */,
				7554624F2A44987D00598268 /* CertificationNumberDTO.swift in Sources */,
				755462622A44B40000598268 /* SignUpRepository.swift in Sources */,
				753511612A41DA2E008B0101 /* LoginAPI.swift in Sources */,
				75FB2FE82A5A557100E4DDE8 /* ModalView.swift in Sources */,
				75FB2FD12A56B59F00E4DDE8 /* DependencyInjector.swift in Sources */,
				759228EC2A60137200603FF4 /* MyPostsViewModel.swift in Sources */,
				759A657E2A4037E500E6AD07 /* DdungjaApp.swift in Sources */,
				75FB2FD32A56B9F700E4DDE8 /* DataAssembly.swift in Sources */,
				7546BDB72A4C24D40019A986 /* ProfileRegisterDTO.swift in Sources */,
				759228D32A5E575000603FF4 /* DdungjaTabView.swift in Sources */,
				755462532A4498DA00598268 /* UserInfoDTO.swift in Sources */,
				75FB2FC72A564AC200E4DDE8 /* ProfileToVORepository.swift in Sources */,
				759228DC2A5E725700603FF4 /* HomeView.swift in Sources */,
				75FB2FEA2A5AFD8B00E4DDE8 /* View + Extension.swift in Sources */,
				759228E12A5FDE6200603FF4 /* MyPageViewModel.swift in Sources */,
				759A65BD2A417C6E00E6AD07 /* Color+Extension.swift in Sources */,
				7546BDE42A52B60D0019A986 /* EditProfile.swift in Sources */,
				7554624A2A447ECF00598268 /* SignUpProvider.swift in Sources */,
				759228D82A5E724100603FF4 /* RegisterView.swift in Sources */,
				753511A82A43427C008B0101 /* LoginDTO.swift in Sources */,
				75FB2FC22A56444800E4DDE8 /* ProfileRepository.swift in Sources */,
				759228DA2A5E724E00603FF4 /* InterestView.swift in Sources */,
				75FB2FC52A56450400E4DDE8 /* ProfileUsecase.swift in Sources */,
				755462512A4498A300598268 /* ConfirmNumberDTO.swift in Sources */,
				759228DF2A5E8F3F00603FF4 /* MyPageVIew.swift in Sources */,
				75FB2FDB2A57AC9700E4DDE8 /* ProfileEditVO.swift in Sources */,
				75618C712A54065B005FA31A /* CustomText.swift in Sources */,
				753511A62A430785008B0101 /* LoginAPIProvider.swift in Sources */,
				7546BDB02A4C09E20019A986 /* UserProfileAPI.swift in Sources */,
			);
			runOnlyForDeploymentPostprocessing = 0;
		};
		759A65862A4037E700E6AD07 /* Sources */ = {
			isa = PBXSourcesBuildPhase;
			buildActionMask = 2147483647;
			files = (
				759A658F2A4037E700E6AD07 /* DdungjaTests.swift in Sources */,
			);
			runOnlyForDeploymentPostprocessing = 0;
		};
		759A65902A4037E700E6AD07 /* Sources */ = {
			isa = PBXSourcesBuildPhase;
			buildActionMask = 2147483647;
			files = (
				759A659B2A4037E700E6AD07 /* DdungjaUITestsLaunchTests.swift in Sources */,
				759A65992A4037E700E6AD07 /* DdungjaUITests.swift in Sources */,
			);
			runOnlyForDeploymentPostprocessing = 0;
		};
/* End PBXSourcesBuildPhase section */

/* Begin PBXTargetDependency section */
		759A658C2A4037E700E6AD07 /* PBXTargetDependency */ = {
			isa = PBXTargetDependency;
			target = 759A65792A4037E500E6AD07 /* Ddungja */;
			targetProxy = 759A658B2A4037E700E6AD07 /* PBXContainerItemProxy */;
		};
		759A65962A4037E700E6AD07 /* PBXTargetDependency */ = {
			isa = PBXTargetDependency;
			target = 759A65792A4037E500E6AD07 /* Ddungja */;
			targetProxy = 759A65952A4037E700E6AD07 /* PBXContainerItemProxy */;
		};
/* End PBXTargetDependency section */

/* Begin XCBuildConfiguration section */
		759A659C2A4037E700E6AD07 /* Debug */ = {
			isa = XCBuildConfiguration;
			baseConfigurationReference = 75FB2FBD2A55B46600E4DDE8 /* Config.xcconfig */;
			buildSettings = {
				ALWAYS_SEARCH_USER_PATHS = NO;
				CLANG_ANALYZER_NONNULL = YES;
				CLANG_ANALYZER_NUMBER_OBJECT_CONVERSION = YES_AGGRESSIVE;
				CLANG_CXX_LANGUAGE_STANDARD = "gnu++20";
				CLANG_ENABLE_MODULES = YES;
				CLANG_ENABLE_OBJC_ARC = YES;
				CLANG_ENABLE_OBJC_WEAK = YES;
				CLANG_WARN_BLOCK_CAPTURE_AUTORELEASING = YES;
				CLANG_WARN_BOOL_CONVERSION = YES;
				CLANG_WARN_COMMA = YES;
				CLANG_WARN_CONSTANT_CONVERSION = YES;
				CLANG_WARN_DEPRECATED_OBJC_IMPLEMENTATIONS = YES;
				CLANG_WARN_DIRECT_OBJC_ISA_USAGE = YES_ERROR;
				CLANG_WARN_DOCUMENTATION_COMMENTS = YES;
				CLANG_WARN_EMPTY_BODY = YES;
				CLANG_WARN_ENUM_CONVERSION = YES;
				CLANG_WARN_INFINITE_RECURSION = YES;
				CLANG_WARN_INT_CONVERSION = YES;
				CLANG_WARN_NON_LITERAL_NULL_CONVERSION = YES;
				CLANG_WARN_OBJC_IMPLICIT_RETAIN_SELF = YES;
				CLANG_WARN_OBJC_LITERAL_CONVERSION = YES;
				CLANG_WARN_OBJC_ROOT_CLASS = YES_ERROR;
				CLANG_WARN_QUOTED_INCLUDE_IN_FRAMEWORK_HEADER = YES;
				CLANG_WARN_RANGE_LOOP_ANALYSIS = YES;
				CLANG_WARN_STRICT_PROTOTYPES = YES;
				CLANG_WARN_SUSPICIOUS_MOVE = YES;
				CLANG_WARN_UNGUARDED_AVAILABILITY = YES_AGGRESSIVE;
				CLANG_WARN_UNREACHABLE_CODE = YES;
				CLANG_WARN__DUPLICATE_METHOD_MATCH = YES;
				COPY_PHASE_STRIP = NO;
				DEBUG_INFORMATION_FORMAT = dwarf;
				ENABLE_STRICT_OBJC_MSGSEND = YES;
				ENABLE_TESTABILITY = YES;
				GCC_C_LANGUAGE_STANDARD = gnu11;
				GCC_DYNAMIC_NO_PIC = NO;
				GCC_NO_COMMON_BLOCKS = YES;
				GCC_OPTIMIZATION_LEVEL = 0;
				GCC_PREPROCESSOR_DEFINITIONS = (
					"DEBUG=1",
					"$(inherited)",
				);
				GCC_WARN_64_TO_32_BIT_CONVERSION = YES;
				GCC_WARN_ABOUT_RETURN_TYPE = YES_ERROR;
				GCC_WARN_UNDECLARED_SELECTOR = YES;
				GCC_WARN_UNINITIALIZED_AUTOS = YES_AGGRESSIVE;
				GCC_WARN_UNUSED_FUNCTION = YES;
				GCC_WARN_UNUSED_VARIABLE = YES;
				IPHONEOS_DEPLOYMENT_TARGET = 16.4;
				MTL_ENABLE_DEBUG_INFO = INCLUDE_SOURCE;
				MTL_FAST_MATH = YES;
				ONLY_ACTIVE_ARCH = YES;
				SDKROOT = iphoneos;
				SWIFT_ACTIVE_COMPILATION_CONDITIONS = DEBUG;
				SWIFT_OPTIMIZATION_LEVEL = "-Onone";
			};
			name = Debug;
		};
		759A659D2A4037E700E6AD07 /* Release */ = {
			isa = XCBuildConfiguration;
			baseConfigurationReference = 75FB2FBD2A55B46600E4DDE8 /* Config.xcconfig */;
			buildSettings = {
				ALWAYS_SEARCH_USER_PATHS = NO;
				CLANG_ANALYZER_NONNULL = YES;
				CLANG_ANALYZER_NUMBER_OBJECT_CONVERSION = YES_AGGRESSIVE;
				CLANG_CXX_LANGUAGE_STANDARD = "gnu++20";
				CLANG_ENABLE_MODULES = YES;
				CLANG_ENABLE_OBJC_ARC = YES;
				CLANG_ENABLE_OBJC_WEAK = YES;
				CLANG_WARN_BLOCK_CAPTURE_AUTORELEASING = YES;
				CLANG_WARN_BOOL_CONVERSION = YES;
				CLANG_WARN_COMMA = YES;
				CLANG_WARN_CONSTANT_CONVERSION = YES;
				CLANG_WARN_DEPRECATED_OBJC_IMPLEMENTATIONS = YES;
				CLANG_WARN_DIRECT_OBJC_ISA_USAGE = YES_ERROR;
				CLANG_WARN_DOCUMENTATION_COMMENTS = YES;
				CLANG_WARN_EMPTY_BODY = YES;
				CLANG_WARN_ENUM_CONVERSION = YES;
				CLANG_WARN_INFINITE_RECURSION = YES;
				CLANG_WARN_INT_CONVERSION = YES;
				CLANG_WARN_NON_LITERAL_NULL_CONVERSION = YES;
				CLANG_WARN_OBJC_IMPLICIT_RETAIN_SELF = YES;
				CLANG_WARN_OBJC_LITERAL_CONVERSION = YES;
				CLANG_WARN_OBJC_ROOT_CLASS = YES_ERROR;
				CLANG_WARN_QUOTED_INCLUDE_IN_FRAMEWORK_HEADER = YES;
				CLANG_WARN_RANGE_LOOP_ANALYSIS = YES;
				CLANG_WARN_STRICT_PROTOTYPES = YES;
				CLANG_WARN_SUSPICIOUS_MOVE = YES;
				CLANG_WARN_UNGUARDED_AVAILABILITY = YES_AGGRESSIVE;
				CLANG_WARN_UNREACHABLE_CODE = YES;
				CLANG_WARN__DUPLICATE_METHOD_MATCH = YES;
				COPY_PHASE_STRIP = NO;
				DEBUG_INFORMATION_FORMAT = "dwarf-with-dsym";
				ENABLE_NS_ASSERTIONS = NO;
				ENABLE_STRICT_OBJC_MSGSEND = YES;
				GCC_C_LANGUAGE_STANDARD = gnu11;
				GCC_NO_COMMON_BLOCKS = YES;
				GCC_WARN_64_TO_32_BIT_CONVERSION = YES;
				GCC_WARN_ABOUT_RETURN_TYPE = YES_ERROR;
				GCC_WARN_UNDECLARED_SELECTOR = YES;
				GCC_WARN_UNINITIALIZED_AUTOS = YES_AGGRESSIVE;
				GCC_WARN_UNUSED_FUNCTION = YES;
				GCC_WARN_UNUSED_VARIABLE = YES;
				IPHONEOS_DEPLOYMENT_TARGET = 16.4;
				MTL_ENABLE_DEBUG_INFO = NO;
				MTL_FAST_MATH = YES;
				SDKROOT = iphoneos;
				SWIFT_COMPILATION_MODE = wholemodule;
				SWIFT_OPTIMIZATION_LEVEL = "-O";
				VALIDATE_PRODUCT = YES;
			};
			name = Release;
		};
		759A659F2A4037E700E6AD07 /* Debug */ = {
			isa = XCBuildConfiguration;
			buildSettings = {
				ASSETCATALOG_COMPILER_APPICON_NAME = AppIcon;
				ASSETCATALOG_COMPILER_GLOBAL_ACCENT_COLOR_NAME = AccentColor;
				CODE_SIGN_STYLE = Automatic;
				CURRENT_PROJECT_VERSION = 1;
				DEVELOPMENT_ASSET_PATHS = "\"Ddungja/Preview Content\"";
				DEVELOPMENT_TEAM = V823Y836DV;
				ENABLE_PREVIEWS = YES;
				GENERATE_INFOPLIST_FILE = YES;
				INFOPLIST_FILE = Ddungja/Info.plist;
				INFOPLIST_KEY_UIApplicationSceneManifest_Generation = YES;
				INFOPLIST_KEY_UIApplicationSupportsIndirectInputEvents = YES;
				INFOPLIST_KEY_UILaunchScreen_Generation = YES;
				INFOPLIST_KEY_UISupportedInterfaceOrientations_iPad = "UIInterfaceOrientationPortrait UIInterfaceOrientationPortraitUpsideDown UIInterfaceOrientationLandscapeLeft UIInterfaceOrientationLandscapeRight";
				INFOPLIST_KEY_UISupportedInterfaceOrientations_iPhone = "UIInterfaceOrientationPortrait UIInterfaceOrientationLandscapeLeft UIInterfaceOrientationLandscapeRight";
				LD_RUNPATH_SEARCH_PATHS = (
					"$(inherited)",
					"@executable_path/Frameworks",
				);
				MARKETING_VERSION = 1.0;
				PRODUCT_BUNDLE_IDENTIFIER = org.soma.Ddungja;
				PRODUCT_NAME = "$(TARGET_NAME)";
				SWIFT_EMIT_LOC_STRINGS = YES;
				SWIFT_VERSION = 5.0;
				TARGETED_DEVICE_FAMILY = "1,2";
			};
			name = Debug;
		};
		759A65A02A4037E700E6AD07 /* Release */ = {
			isa = XCBuildConfiguration;
			buildSettings = {
				ASSETCATALOG_COMPILER_APPICON_NAME = AppIcon;
				ASSETCATALOG_COMPILER_GLOBAL_ACCENT_COLOR_NAME = AccentColor;
				CODE_SIGN_STYLE = Automatic;
				CURRENT_PROJECT_VERSION = 1;
				DEVELOPMENT_ASSET_PATHS = "\"Ddungja/Preview Content\"";
				DEVELOPMENT_TEAM = V823Y836DV;
				ENABLE_PREVIEWS = YES;
				GENERATE_INFOPLIST_FILE = YES;
				INFOPLIST_FILE = Ddungja/Info.plist;
				INFOPLIST_KEY_UIApplicationSceneManifest_Generation = YES;
				INFOPLIST_KEY_UIApplicationSupportsIndirectInputEvents = YES;
				INFOPLIST_KEY_UILaunchScreen_Generation = YES;
				INFOPLIST_KEY_UISupportedInterfaceOrientations_iPad = "UIInterfaceOrientationPortrait UIInterfaceOrientationPortraitUpsideDown UIInterfaceOrientationLandscapeLeft UIInterfaceOrientationLandscapeRight";
				INFOPLIST_KEY_UISupportedInterfaceOrientations_iPhone = "UIInterfaceOrientationPortrait UIInterfaceOrientationLandscapeLeft UIInterfaceOrientationLandscapeRight";
				LD_RUNPATH_SEARCH_PATHS = (
					"$(inherited)",
					"@executable_path/Frameworks",
				);
				MARKETING_VERSION = 1.0;
				PRODUCT_BUNDLE_IDENTIFIER = org.soma.Ddungja;
				PRODUCT_NAME = "$(TARGET_NAME)";
				SWIFT_EMIT_LOC_STRINGS = YES;
				SWIFT_VERSION = 5.0;
				TARGETED_DEVICE_FAMILY = "1,2";
			};
			name = Release;
		};
		759A65A22A4037E700E6AD07 /* Debug */ = {
			isa = XCBuildConfiguration;
			buildSettings = {
				ALWAYS_EMBED_SWIFT_STANDARD_LIBRARIES = YES;
				BUNDLE_LOADER = "$(TEST_HOST)";
				CODE_SIGN_STYLE = Automatic;
				CURRENT_PROJECT_VERSION = 1;
				DEVELOPMENT_TEAM = V823Y836DV;
				GENERATE_INFOPLIST_FILE = YES;
				IPHONEOS_DEPLOYMENT_TARGET = 16.4;
				MARKETING_VERSION = 1.0;
				PRODUCT_BUNDLE_IDENTIFIER = org.soma.DdungjaTests;
				PRODUCT_NAME = "$(TARGET_NAME)";
				SWIFT_EMIT_LOC_STRINGS = NO;
				SWIFT_VERSION = 5.0;
				TARGETED_DEVICE_FAMILY = "1,2";
				TEST_HOST = "$(BUILT_PRODUCTS_DIR)/Ddungja.app/$(BUNDLE_EXECUTABLE_FOLDER_PATH)/Ddungja";
			};
			name = Debug;
		};
		759A65A32A4037E700E6AD07 /* Release */ = {
			isa = XCBuildConfiguration;
			buildSettings = {
				ALWAYS_EMBED_SWIFT_STANDARD_LIBRARIES = YES;
				BUNDLE_LOADER = "$(TEST_HOST)";
				CODE_SIGN_STYLE = Automatic;
				CURRENT_PROJECT_VERSION = 1;
				DEVELOPMENT_TEAM = V823Y836DV;
				GENERATE_INFOPLIST_FILE = YES;
				IPHONEOS_DEPLOYMENT_TARGET = 16.4;
				MARKETING_VERSION = 1.0;
				PRODUCT_BUNDLE_IDENTIFIER = org.soma.DdungjaTests;
				PRODUCT_NAME = "$(TARGET_NAME)";
				SWIFT_EMIT_LOC_STRINGS = NO;
				SWIFT_VERSION = 5.0;
				TARGETED_DEVICE_FAMILY = "1,2";
				TEST_HOST = "$(BUILT_PRODUCTS_DIR)/Ddungja.app/$(BUNDLE_EXECUTABLE_FOLDER_PATH)/Ddungja";
			};
			name = Release;
		};
		759A65A52A4037E700E6AD07 /* Debug */ = {
			isa = XCBuildConfiguration;
			buildSettings = {
				ALWAYS_EMBED_SWIFT_STANDARD_LIBRARIES = YES;
				CODE_SIGN_STYLE = Automatic;
				CURRENT_PROJECT_VERSION = 1;
				DEVELOPMENT_TEAM = V823Y836DV;
				GENERATE_INFOPLIST_FILE = YES;
				MARKETING_VERSION = 1.0;
				PRODUCT_BUNDLE_IDENTIFIER = org.soma.DdungjaUITests;
				PRODUCT_NAME = "$(TARGET_NAME)";
				SWIFT_EMIT_LOC_STRINGS = NO;
				SWIFT_VERSION = 5.0;
				TARGETED_DEVICE_FAMILY = "1,2";
				TEST_TARGET_NAME = Ddungja;
			};
			name = Debug;
		};
		759A65A62A4037E700E6AD07 /* Release */ = {
			isa = XCBuildConfiguration;
			buildSettings = {
				ALWAYS_EMBED_SWIFT_STANDARD_LIBRARIES = YES;
				CODE_SIGN_STYLE = Automatic;
				CURRENT_PROJECT_VERSION = 1;
				DEVELOPMENT_TEAM = V823Y836DV;
				GENERATE_INFOPLIST_FILE = YES;
				MARKETING_VERSION = 1.0;
				PRODUCT_BUNDLE_IDENTIFIER = org.soma.DdungjaUITests;
				PRODUCT_NAME = "$(TARGET_NAME)";
				SWIFT_EMIT_LOC_STRINGS = NO;
				SWIFT_VERSION = 5.0;
				TARGETED_DEVICE_FAMILY = "1,2";
				TEST_TARGET_NAME = Ddungja;
			};
			name = Release;
		};
/* End XCBuildConfiguration section */

/* Begin XCConfigurationList section */
		759A65752A4037E500E6AD07 /* Build configuration list for PBXProject "Ddungja" */ = {
			isa = XCConfigurationList;
			buildConfigurations = (
				759A659C2A4037E700E6AD07 /* Debug */,
				759A659D2A4037E700E6AD07 /* Release */,
			);
			defaultConfigurationIsVisible = 0;
			defaultConfigurationName = Release;
		};
		759A659E2A4037E700E6AD07 /* Build configuration list for PBXNativeTarget "Ddungja" */ = {
			isa = XCConfigurationList;
			buildConfigurations = (
				759A659F2A4037E700E6AD07 /* Debug */,
				759A65A02A4037E700E6AD07 /* Release */,
			);
			defaultConfigurationIsVisible = 0;
			defaultConfigurationName = Release;
		};
		759A65A12A4037E700E6AD07 /* Build configuration list for PBXNativeTarget "DdungjaTests" */ = {
			isa = XCConfigurationList;
			buildConfigurations = (
				759A65A22A4037E700E6AD07 /* Debug */,
				759A65A32A4037E700E6AD07 /* Release */,
			);
			defaultConfigurationIsVisible = 0;
			defaultConfigurationName = Release;
		};
		759A65A42A4037E700E6AD07 /* Build configuration list for PBXNativeTarget "DdungjaUITests" */ = {
			isa = XCConfigurationList;
			buildConfigurations = (
				759A65A52A4037E700E6AD07 /* Debug */,
				759A65A62A4037E700E6AD07 /* Release */,
			);
			defaultConfigurationIsVisible = 0;
			defaultConfigurationName = Release;
		};
/* End XCConfigurationList section */

/* Begin XCRemoteSwiftPackageReference section */
		753511592A41D7E8008B0101 /* XCRemoteSwiftPackageReference "Moya" */ = {
			isa = XCRemoteSwiftPackageReference;
			repositoryURL = "https://github.com/Moya/Moya.git";
			requirement = {
				kind = upToNextMajorVersion;
				minimumVersion = 15.0.0;
			};
		};
		759A65A72A403BA900E6AD07 /* XCRemoteSwiftPackageReference "kakao-ios-sdk" */ = {
			isa = XCRemoteSwiftPackageReference;
			repositoryURL = "https://github.com/kakao/kakao-ios-sdk";
			requirement = {
				kind = upToNextMajorVersion;
				minimumVersion = 2.0.0;
			};
		};
		75FB2FCB2A56B08F00E4DDE8 /* XCRemoteSwiftPackageReference "Swinject" */ = {
			isa = XCRemoteSwiftPackageReference;
			repositoryURL = "https://github.com/Swinject/Swinject.git";
			requirement = {
				kind = upToNextMajorVersion;
				minimumVersion = 2.0.0;
			};
		};
/* End XCRemoteSwiftPackageReference section */

/* Begin XCSwiftPackageProductDependency section */
		7535115A2A41D7E8008B0101 /* CombineMoya */ = {
			isa = XCSwiftPackageProductDependency;
			package = 753511592A41D7E8008B0101 /* XCRemoteSwiftPackageReference "Moya" */;
			productName = CombineMoya;
		};
		7535115C2A41D7E8008B0101 /* Moya */ = {
			isa = XCSwiftPackageProductDependency;
			package = 753511592A41D7E8008B0101 /* XCRemoteSwiftPackageReference "Moya" */;
			productName = Moya;
		};
		759A65A82A403BA900E6AD07 /* KakaoSDK */ = {
			isa = XCSwiftPackageProductDependency;
			package = 759A65A72A403BA900E6AD07 /* XCRemoteSwiftPackageReference "kakao-ios-sdk" */;
			productName = KakaoSDK;
		};
		759A65AA2A403BA900E6AD07 /* KakaoSDKAuth */ = {
			isa = XCSwiftPackageProductDependency;
			package = 759A65A72A403BA900E6AD07 /* XCRemoteSwiftPackageReference "kakao-ios-sdk" */;
			productName = KakaoSDKAuth;
		};
		759A65AC2A403BA900E6AD07 /* KakaoSDKCommon */ = {
			isa = XCSwiftPackageProductDependency;
			package = 759A65A72A403BA900E6AD07 /* XCRemoteSwiftPackageReference "kakao-ios-sdk" */;
			productName = KakaoSDKCommon;
		};
		759A65AE2A403BA900E6AD07 /* KakaoSDKUser */ = {
			isa = XCSwiftPackageProductDependency;
			package = 759A65A72A403BA900E6AD07 /* XCRemoteSwiftPackageReference "kakao-ios-sdk" */;
			productName = KakaoSDKUser;
		};
		75FB2FCC2A56B08F00E4DDE8 /* Swinject */ = {
			isa = XCSwiftPackageProductDependency;
			package = 75FB2FCB2A56B08F00E4DDE8 /* XCRemoteSwiftPackageReference "Swinject" */;
			productName = Swinject;
		};
/* End XCSwiftPackageProductDependency section */
	};
	rootObject = 759A65722A4037E500E6AD07 /* Project object */;
}
